{
    "_meta": {
        "hash": {
            "sha256": "473913a0e96f98bcb3c6997e1838f6463e07da788e7149c4c2d55adec605c7c6"
        },
        "pipfile-spec": 6,
        "requires": {
            "python_version": "3.10"
        },
        "sources": [
            {
                "name": "pypi",
                "url": "https://pypi.org/simple",
                "verify_ssl": true
            }
        ]
    },
    "default": {},
    "develop": {}
}
